
Microsoft Visual Studio Solution File, Format Version 12.00
# Visual Studio Version 17
VisualStudioVersion = 17.8.34316.72
MinimumVisualStudioVersion = 10.0.40219.1
Project("{9A19103F-16F7-4668-BE54-9A1E7A4F7556}") = "ValhallaVaultCyberAwareness", "ValhallaVaultCyberAwareness\ValhallaVaultCyberAwareness.csproj", "{BF7C035E-626A-41D4-9652-AD91BD00D1E7}"
EndProject
Project("{9A19103F-16F7-4668-BE54-9A1E7A4F7556}") = "ValhallaVaultCyberAwareness.DAL", "Shared\ValhallaVaultCyberAwareness.DAL.csproj", "{620F6720-DEA4-4E45-B84C-8BA663174B97}"
EndProject
Project("{9A19103F-16F7-4668-BE54-9A1E7A4F7556}") = "ValhallaVaultCyberAwareness.App", "Logic\ValhallaVaultCyberAwareness.App.csproj", "{3553C899-3DAB-4AD3-A53E-079FCB28CAEA}"
EndProject
Project("{9A19103F-16F7-4668-BE54-9A1E7A4F7556}") = "ValhallaVaultCyberAwareness.UnitTests", "ValhallaVaultCyberAwareness.UnitTests\ValhallaVaultCyberAwareness.UnitTests.csproj", "{383DC965-D1F6-47A9-96F0-208CC8C2013B}"
EndProject
Global
	GlobalSection(SolutionConfigurationPlatforms) = preSolution
		Debug|Any CPU = Debug|Any CPU
		Release|Any CPU = Release|Any CPU
	EndGlobalSection
	GlobalSection(ProjectConfigurationPlatforms) = postSolution
		{BF7C035E-626A-41D4-9652-AD91BD00D1E7}.Debug|Any CPU.ActiveCfg = Debug|Any CPU
		{BF7C035E-626A-41D4-9652-AD91BD00D1E7}.Debug|Any CPU.Build.0 = Debug|Any CPU
		{BF7C035E-626A-41D4-9652-AD91BD00D1E7}.Release|Any CPU.ActiveCfg = Release|Any CPU
		{BF7C035E-626A-41D4-9652-AD91BD00D1E7}.Release|Any CPU.Build.0 = Release|Any CPU
		{620F6720-DEA4-4E45-B84C-8BA663174B97}.Debug|Any CPU.ActiveCfg = Debug|Any CPU
		{620F6720-DEA4-4E45-B84C-8BA663174B97}.Debug|Any CPU.Build.0 = Debug|Any CPU
		{620F6720-DEA4-4E45-B84C-8BA663174B97}.Release|Any CPU.ActiveCfg = Release|Any CPU
		{620F6720-DEA4-4E45-B84C-8BA663174B97}.Release|Any CPU.Build.0 = Release|Any CPU
		{3553C899-3DAB-4AD3-A53E-079FCB28CAEA}.Debug|Any CPU.ActiveCfg = Debug|Any CPU
		{3553C899-3DAB-4AD3-A53E-079FCB28CAEA}.Debug|Any CPU.Build.0 = Debug|Any CPU
		{3553C899-3DAB-4AD3-A53E-079FCB28CAEA}.Release|Any CPU.ActiveCfg = Release|Any CPU
		{3553C899-3DAB-4AD3-A53E-079FCB28CAEA}.Release|Any CPU.Build.0 = Release|Any CPU
		{383DC965-D1F6-47A9-96F0-208CC8C2013B}.Debug|Any CPU.ActiveCfg = Debug|Any CPU
		{383DC965-D1F6-47A9-96F0-208CC8C2013B}.Debug|Any CPU.Build.0 = Debug|Any CPU
		{383DC965-D1F6-47A9-96F0-208CC8C2013B}.Release|Any CPU.ActiveCfg = Release|Any CPU
		{383DC965-D1F6-47A9-96F0-208CC8C2013B}.Release|Any CPU.Build.0 = Release|Any CPU
	EndGlobalSection
	GlobalSection(SolutionProperties) = preSolution
		HideSolutionNode = FALSE
	EndGlobalSection
	GlobalSection(ExtensibilityGlobals) = postSolution
		SolutionGuid = {1F42E3B5-3ECB-4544-8324-D5711B96048F}
	EndGlobalSection
EndGlobal
